// !$*UTF8*$!
{
	archiveVersion = 1;
	classes = {
	};
	objectVersion = 50;
	objects = {

/* Begin PBXBuildFile section */
		CEA3C5BD260A5D80005315A5 /* AppDelegate.swift in Sources */ = {isa = PBXBuildFile; fileRef = CEA3C5BC260A5D80005315A5 /* AppDelegate.swift */; };
		CEA3C5BF260A5D80005315A5 /* SceneDelegate.swift in Sources */ = {isa = PBXBuildFile; fileRef = CEA3C5BE260A5D80005315A5 /* SceneDelegate.swift */; };
		CEA3C5C1260A5D80005315A5 /* ChooseCategoryViewController.swift in Sources */ = {isa = PBXBuildFile; fileRef = CEA3C5C0260A5D80005315A5 /* ChooseCategoryViewController.swift */; };
		CEA3C5C4260A5D80005315A5 /* Main.storyboard in Resources */ = {isa = PBXBuildFile; fileRef = CEA3C5C2260A5D80005315A5 /* Main.storyboard */; };
		CEA3C5C6260A5D83005315A5 /* Assets.xcassets in Resources */ = {isa = PBXBuildFile; fileRef = CEA3C5C5260A5D83005315A5 /* Assets.xcassets */; };
		CEA3C5C9260A5D83005315A5 /* LaunchScreen.storyboard in Resources */ = {isa = PBXBuildFile; fileRef = CEA3C5C7260A5D83005315A5 /* LaunchScreen.storyboard */; };
		CEA3C5E5260A6B44005315A5 /* ArticleModel.swift in Sources */ = {isa = PBXBuildFile; fileRef = CEA3C5E4260A6B44005315A5 /* ArticleModel.swift */; };
		CEA3C5F8260B9596005315A5 /* ArticleTableViewController.swift in Sources */ = {isa = PBXBuildFile; fileRef = CEA3C5F7260B9596005315A5 /* ArticleTableViewController.swift */; };
		CEA3C5FD260DED08005315A5 /* TableViewCell.swift in Sources */ = {isa = PBXBuildFile; fileRef = CEA3C5FB260DED07005315A5 /* TableViewCell.swift */; };
		CEA3C5FE260DED08005315A5 /* TableViewCell.xib in Resources */ = {isa = PBXBuildFile; fileRef = CEA3C5FC260DED07005315A5 /* TableViewCell.xib */; };
		CEA3C602260E0B08005315A5 /* DiscriptionArticleViewController.swift in Sources */ = {isa = PBXBuildFile; fileRef = CEA3C601260E0B08005315A5 /* DiscriptionArticleViewController.swift */; };
		CEA3C607260E0B83005315A5 /* UIActivityIndicatorView+Extension.swift in Sources */ = {isa = PBXBuildFile; fileRef = CEA3C606260E0B83005315A5 /* UIActivityIndicatorView+Extension.swift */; };
/* End PBXBuildFile section */

/* Begin PBXFileReference section */
		CEA3C5B9260A5D80005315A5 /* NYT-Articles.app */ = {isa = PBXFileReference; explicitFileType = wrapper.application; includeInIndex = 0; path = "NYT-Articles.app"; sourceTree = BUILT_PRODUCTS_DIR; };
		CEA3C5BC260A5D80005315A5 /* AppDelegate.swift */ = {isa = PBXFileReference; lastKnownFileType = sourcecode.swift; path = AppDelegate.swift; sourceTree = "<group>"; };
		CEA3C5BE260A5D80005315A5 /* SceneDelegate.swift */ = {isa = PBXFileReference; lastKnownFileType = sourcecode.swift; path = SceneDelegate.swift; sourceTree = "<group>"; };
		CEA3C5C0260A5D80005315A5 /* ChooseCategoryViewController.swift */ = {isa = PBXFileReference; lastKnownFileType = sourcecode.swift; path = ChooseCategoryViewController.swift; sourceTree = "<group>"; };
		CEA3C5C3260A5D80005315A5 /* Base */ = {isa = PBXFileReference; lastKnownFileType = file.storyboard; name = Base; path = Base.lproj/Main.storyboard; sourceTree = "<group>"; };
		CEA3C5C5260A5D83005315A5 /* Assets.xcassets */ = {isa = PBXFileReference; lastKnownFileType = folder.assetcatalog; path = Assets.xcassets; sourceTree = "<group>"; };
		CEA3C5C8260A5D83005315A5 /* Base */ = {isa = PBXFileReference; lastKnownFileType = file.storyboard; name = Base; path = Base.lproj/LaunchScreen.storyboard; sourceTree = "<group>"; };
		CEA3C5CA260A5D83005315A5 /* Info.plist */ = {isa = PBXFileReference; lastKnownFileType = text.plist.xml; path = Info.plist; sourceTree = "<group>"; };
		CEA3C5E4260A6B44005315A5 /* ArticleModel.swift */ = {isa = PBXFileReference; lastKnownFileType = sourcecode.swift; path = ArticleModel.swift; sourceTree = "<group>"; };
		CEA3C5F7260B9596005315A5 /* ArticleTableViewController.swift */ = {isa = PBXFileReference; lastKnownFileType = sourcecode.swift; path = ArticleTableViewController.swift; sourceTree = "<group>"; };
		CEA3C5FB260DED07005315A5 /* TableViewCell.swift */ = {isa = PBXFileReference; lastKnownFileType = sourcecode.swift; path = TableViewCell.swift; sourceTree = "<group>"; };
		CEA3C5FC260DED07005315A5 /* TableViewCell.xib */ = {isa = PBXFileReference; lastKnownFileType = file.xib; path = TableViewCell.xib; sourceTree = "<group>"; };
		CEA3C601260E0B08005315A5 /* DiscriptionArticleViewController.swift */ = {isa = PBXFileReference; lastKnownFileType = sourcecode.swift; path = DiscriptionArticleViewController.swift; sourceTree = "<group>"; };
		CEA3C606260E0B83005315A5 /* UIActivityIndicatorView+Extension.swift */ = {isa = PBXFileReference; lastKnownFileType = sourcecode.swift; path = "UIActivityIndicatorView+Extension.swift"; sourceTree = "<group>"; };
/* End PBXFileReference section */

/* Begin PBXFrameworksBuildPhase section */
		CEA3C5B6260A5D80005315A5 /* Frameworks */ = {
			isa = PBXFrameworksBuildPhase;
			buildActionMask = 2147483647;
			files = (
			);
			runOnlyForDeploymentPostprocessing = 0;
		};
/* End PBXFrameworksBuildPhase section */

/* Begin PBXGroup section */
		CEA3C5B0260A5D80005315A5 = {
			isa = PBXGroup;
			children = (
				CEA3C5BB260A5D80005315A5 /* NYT-Articles */,
				CEA3C5BA260A5D80005315A5 /* Products */,
			);
			sourceTree = "<group>";
		};
		CEA3C5BA260A5D80005315A5 /* Products */ = {
			isa = PBXGroup;
			children = (
				CEA3C5B9260A5D80005315A5 /* NYT-Articles.app */,
			);
			name = Products;
			sourceTree = "<group>";
		};
		CEA3C5BB260A5D80005315A5 /* NYT-Articles */ = {
			isa = PBXGroup;
			children = (
				CEA3C5E3260A6B37005315A5 /* Model */,
				CEA3C5FA260DECEC005315A5 /* Views */,
				CEA3C5D1260A5D8E005315A5 /* ViewControllers */,
				CEA3C5D2260A5D9F005315A5 /* Storyboards */,
				CEA3C605260E0B37005315A5 /* Extenstions */,
				CEA3C5D3260A5DAD005315A5 /* Supporting Files */,
				CEA3C5D4260A5DB7005315A5 /* Resources */,
			);
			path = "NYT-Articles";
			sourceTree = "<group>";
		};
		CEA3C5D1260A5D8E005315A5 /* ViewControllers */ = {
			isa = PBXGroup;
			children = (
				CEA3C5C0260A5D80005315A5 /* ChooseCategoryViewController.swift */,
				CEA3C5F7260B9596005315A5 /* ArticleTableViewController.swift */,
				CEA3C601260E0B08005315A5 /* DiscriptionArticleViewController.swift */,
			);
			path = ViewControllers;
			sourceTree = "<group>";
		};
		CEA3C5D2260A5D9F005315A5 /* Storyboards */ = {
			isa = PBXGroup;
			children = (
				CEA3C5C2260A5D80005315A5 /* Main.storyboard */,
				CEA3C5C7260A5D83005315A5 /* LaunchScreen.storyboard */,
			);
			path = Storyboards;
			sourceTree = "<group>";
		};
		CEA3C5D3260A5DAD005315A5 /* Supporting Files */ = {
			isa = PBXGroup;
			children = (
				CEA3C5BC260A5D80005315A5 /* AppDelegate.swift */,
				CEA3C5BE260A5D80005315A5 /* SceneDelegate.swift */,
				CEA3C5CA260A5D83005315A5 /* Info.plist */,
			);
			path = "Supporting Files";
			sourceTree = "<group>";
		};
		CEA3C5D4260A5DB7005315A5 /* Resources */ = {
			isa = PBXGroup;
			children = (
				CEA3C5C5260A5D83005315A5 /* Assets.xcassets */,
			);
			path = Resources;
			sourceTree = "<group>";
		};
		CEA3C5E3260A6B37005315A5 /* Model */ = {
			isa = PBXGroup;
			children = (
				CEA3C5E4260A6B44005315A5 /* ArticleModel.swift */,
			);
			path = Model;
			sourceTree = "<group>";
		};
		CEA3C5FA260DECEC005315A5 /* Views */ = {
			isa = PBXGroup;
			children = (
				CEA3C5FB260DED07005315A5 /* TableViewCell.swift */,
				CEA3C5FC260DED07005315A5 /* TableViewCell.xib */,
			);
			path = Views;
			sourceTree = "<group>";
		};
		CEA3C605260E0B37005315A5 /* Extenstions */ = {
			isa = PBXGroup;
			children = (
				CEA3C606260E0B83005315A5 /* UIActivityIndicatorView+Extension.swift */,
			);
			path = Extenstions;
			sourceTree = "<group>";
		};
/* End PBXGroup section */

/* Begin PBXNativeTarget section */
		CEA3C5B8260A5D80005315A5 /* NYT-Articles */ = {
			isa = PBXNativeTarget;
			buildConfigurationList = CEA3C5CD260A5D83005315A5 /* Build configuration list for PBXNativeTarget "NYT-Articles" */;
			buildPhases = (
				CEA3C5B5260A5D80005315A5 /* Sources */,
				CEA3C5B6260A5D80005315A5 /* Frameworks */,
				CEA3C5B7260A5D80005315A5 /* Resources */,
			);
			buildRules = (
			);
			dependencies = (
			);
			name = "NYT-Articles";
			productName = "NYT-Articles";
			productReference = CEA3C5B9260A5D80005315A5 /* NYT-Articles.app */;
			productType = "com.apple.product-type.application";
		};
/* End PBXNativeTarget section */

/* Begin PBXProject section */
		CEA3C5B1260A5D80005315A5 /* Project object */ = {
			isa = PBXProject;
			attributes = {
				LastSwiftUpdateCheck = 1230;
				LastUpgradeCheck = 1230;
				TargetAttributes = {
					CEA3C5B8260A5D80005315A5 = {
						CreatedOnToolsVersion = 12.3;
					};
				};
			};
			buildConfigurationList = CEA3C5B4260A5D80005315A5 /* Build configuration list for PBXProject "NYT-Articles" */;
			compatibilityVersion = "Xcode 9.3";
			developmentRegion = en;
			hasScannedForEncodings = 0;
			knownRegions = (
				en,
				Base,
			);
			mainGroup = CEA3C5B0260A5D80005315A5;
			productRefGroup = CEA3C5BA260A5D80005315A5 /* Products */;
			projectDirPath = "";
			projectRoot = "";
			targets = (
				CEA3C5B8260A5D80005315A5 /* NYT-Articles */,
			);
		};
/* End PBXProject section */

/* Begin PBXResourcesBuildPhase section */
		CEA3C5B7260A5D80005315A5 /* Resources */ = {
			isa = PBXResourcesBuildPhase;
			buildActionMask = 2147483647;
			files = (
				CEA3C5C9260A5D83005315A5 /* LaunchScreen.storyboard in Resources */,
				CEA3C5FE260DED08005315A5 /* TableViewCell.xib in Resources */,
				CEA3C5C6260A5D83005315A5 /* Assets.xcassets in Resources */,
				CEA3C5C4260A5D80005315A5 /* Main.storyboard in Resources */,
			);
			runOnlyForDeploymentPostprocessing = 0;
		};
/* End PBXResourcesBuildPhase section */

/* Begin PBXSourcesBuildPhase section */
		CEA3C5B5260A5D80005315A5 /* Sources */ = {
			isa = PBXSourcesBuildPhase;
			buildActionMask = 2147483647;
			files = (
				CEA3C5E5260A6B44005315A5 /* ArticleModel.swift in Sources */,
				CEA3C5C1260A5D80005315A5 /* ChooseCategoryViewController.swift in Sources */,
				CEA3C607260E0B83005315A5 /* UIActivityIndicatorView+Extension.swift in Sources */,
				CEA3C5BD260A5D80005315A5 /* AppDelegate.swift in Sources */,
				CEA3C602260E0B08005315A5 /* DiscriptionArticleViewController.swift in Sources */,
				CEA3C5F8260B9596005315A5 /* ArticleTableViewController.swift in Sources */,
				CEA3C5FD260DED08005315A5 /* TableViewCell.swift in Sources */,
				CEA3C5BF260A5D80005315A5 /* SceneDelegate.swift in Sources */,
			);
			runOnlyForDeploymentPostprocessing = 0;
		};
/* End PBXSourcesBuildPhase section */

/* Begin PBXVariantGroup section */
		CEA3C5C2260A5D80005315A5 /* Main.storyboard */ = {
			isa = PBXVariantGroup;
			children = (
				CEA3C5C3260A5D80005315A5 /* Base */,
			);
			name = Main.storyboard;
			sourceTree = "<group>";
		};
		CEA3C5C7260A5D83005315A5 /* LaunchScreen.storyboard */ = {
			isa = PBXVariantGroup;
			children = (
				CEA3C5C8260A5D83005315A5 /* Base */,
			);
			name = LaunchScreen.storyboard;
			sourceTree = "<group>";
		};
/* End PBXVariantGroup section */

/* Begin XCBuildConfiguration section */
		CEA3C5CB260A5D83005315A5 /* Debug */ = {
			isa = XCBuildConfiguration;
			buildSettings = {
				ALWAYS_SEARCH_USER_PATHS = NO;
				CLANG_ANALYZER_NONNULL = YES;
				CLANG_ANALYZER_NUMBER_OBJECT_CONVERSION = YES_AGGRESSIVE;
				CLANG_CXX_LANGUAGE_STANDARD = "gnu++14";
				CLANG_CXX_LIBRARY = "libc++";
				CLANG_ENABLE_MODULES = YES;
				CLANG_ENABLE_OBJC_ARC = YES;
				CLANG_ENABLE_OBJC_WEAK = YES;
				CLANG_WARN_BLOCK_CAPTURE_AUTORELEASING = YES;
				CLANG_WARN_BOOL_CONVERSION = YES;
				CLANG_WARN_COMMA = YES;
				CLANG_WARN_CONSTANT_CONVERSION = YES;
				CLANG_WARN_DEPRECATED_OBJC_IMPLEMENTATIONS = YES;
				CLANG_WARN_DIRECT_OBJC_ISA_USAGE = YES_ERROR;
				CLANG_WARN_DOCUMENTATION_COMMENTS = YES;
				CLANG_WARN_EMPTY_BODY = YES;
				CLANG_WARN_ENUM_CONVERSION = YES;
				CLANG_WARN_INFINITE_RECURSION = YES;
				CLANG_WARN_INT_CONVERSION = YES;
				CLANG_WARN_NON_LITERAL_NULL_CONVERSION = YES;
				CLANG_WARN_OBJC_IMPLICIT_RETAIN_SELF = YES;
				CLANG_WARN_OBJC_LITERAL_CONVERSION = YES;
				CLANG_WARN_OBJC_ROOT_CLASS = YES_ERROR;
				CLANG_WARN_QUOTED_INCLUDE_IN_FRAMEWORK_HEADER = YES;
				CLANG_WARN_RANGE_LOOP_ANALYSIS = YES;
				CLANG_WARN_STRICT_PROTOTYPES = YES;
				CLANG_WARN_SUSPICIOUS_MOVE = YES;
				CLANG_WARN_UNGUARDED_AVAILABILITY = YES_AGGRESSIVE;
				CLANG_WARN_UNREACHABLE_CODE = YES;
				CLANG_WARN__DUPLICATE_METHOD_MATCH = YES;
				COPY_PHASE_STRIP = NO;
				DEBUG_INFORMATION_FORMAT = dwarf;
				ENABLE_STRICT_OBJC_MSGSEND = YES;
				ENABLE_TESTABILITY = YES;
				GCC_C_LANGUAGE_STANDARD = gnu11;
				GCC_DYNAMIC_NO_PIC = NO;
				GCC_NO_COMMON_BLOCKS = YES;
				GCC_OPTIMIZATION_LEVEL = 0;
				GCC_PREPROCESSOR_DEFINITIONS = (
					"DEBUG=1",
					"$(inherited)",
				);
				GCC_WARN_64_TO_32_BIT_CONVERSION = YES;
				GCC_WARN_ABOUT_RETURN_TYPE = YES_ERROR;
				GCC_WARN_UNDECLARED_SELECTOR = YES;
				GCC_WARN_UNINITIALIZED_AUTOS = YES_AGGRESSIVE;
				GCC_WARN_UNUSED_FUNCTION = YES;
				GCC_WARN_UNUSED_VARIABLE = YES;
				IPHONEOS_DEPLOYMENT_TARGET = 14.3;
				MTL_ENABLE_DEBUG_INFO = INCLUDE_SOURCE;
				MTL_FAST_MATH = YES;
				ONLY_ACTIVE_ARCH = YES;
				SDKROOT = iphoneos;
				SWIFT_ACTIVE_COMPILATION_CONDITIONS = DEBUG;
				SWIFT_OPTIMIZATION_LEVEL = "-Onone";
			};
			name = Debug;
		};
		CEA3C5CC260A5D83005315A5 /* Release */ = {
			isa = XCBuildConfiguration;
			buildSettings = {
				ALWAYS_SEARCH_USER_PATHS = NO;
				CLANG_ANALYZER_NONNULL = YES;
				CLANG_ANALYZER_NUMBER_OBJECT_CONVERSION = YES_AGGRESSIVE;
				CLANG_CXX_LANGUAGE_STANDARD = "gnu++14";
				CLANG_CXX_LIBRARY = "libc++";
				CLANG_ENABLE_MODULES = YES;
				CLANG_ENABLE_OBJC_ARC = YES;
				CLANG_ENABLE_OBJC_WEAK = YES;
				CLANG_WARN_BLOCK_CAPTURE_AUTORELEASING = YES;
				CLANG_WARN_BOOL_CONVERSION = YES;
				CLANG_WARN_COMMA = YES;
				CLANG_WARN_CONSTANT_CONVERSION = YES;
				CLANG_WARN_DEPRECATED_OBJC_IMPLEMENTATIONS = YES;
				CLANG_WARN_DIRECT_OBJC_ISA_USAGE = YES_ERROR;
				CLANG_WARN_DOCUMENTATION_COMMENTS = YES;
				CLANG_WARN_EMPTY_BODY = YES;
				CLANG_WARN_ENUM_CONVERSION = YES;
				CLANG_WARN_INFINITE_RECURSION = YES;
				CLANG_WARN_INT_CONVERSION = YES;
				CLANG_WARN_NON_LITERAL_NULL_CONVERSION = YES;
				CLANG_WARN_OBJC_IMPLICIT_RETAIN_SELF = YES;
				CLANG_WARN_OBJC_LITERAL_CONVERSION = YES;
				CLANG_WARN_OBJC_ROOT_CLASS = YES_ERROR;
				CLANG_WARN_QUOTED_INCLUDE_IN_FRAMEWORK_HEADER = YES;
				CLANG_WARN_RANGE_LOOP_ANALYSIS = YES;
				CLANG_WARN_STRICT_PROTOTYPES = YES;
				CLANG_WARN_SUSPICIOUS_MOVE = YES;
				CLANG_WARN_UNGUARDED_AVAILABILITY = YES_AGGRESSIVE;
				CLANG_WARN_UNREACHABLE_CODE = YES;
				CLANG_WARN__DUPLICATE_METHOD_MATCH = YES;
				COPY_PHASE_STRIP = NO;
				DEBUG_INFORMATION_FORMAT = "dwarf-with-dsym";
				ENABLE_NS_ASSERTIONS = NO;
				ENABLE_STRICT_OBJC_MSGSEND = YES;
				GCC_C_LANGUAGE_STANDARD = gnu11;
				GCC_NO_COMMON_BLOCKS = YES;
				GCC_WARN_64_TO_32_BIT_CONVERSION = YES;
				GCC_WARN_ABOUT_RETURN_TYPE = YES_ERROR;
				GCC_WARN_UNDECLARED_SELECTOR = YES;
				GCC_WARN_UNINITIALIZED_AUTOS = YES_AGGRESSIVE;
				GCC_WARN_UNUSED_FUNCTION = YES;
				GCC_WARN_UNUSED_VARIABLE = YES;
				IPHONEOS_DEPLOYMENT_TARGET = 14.3;
				MTL_ENABLE_DEBUG_INFO = NO;
				MTL_FAST_MATH = YES;
				SDKROOT = iphoneos;
				SWIFT_COMPILATION_MODE = wholemodule;
				SWIFT_OPTIMIZATION_LEVEL = "-O";
				VALIDATE_PRODUCT = YES;
			};
			name = Release;
		};
		CEA3C5CE260A5D83005315A5 /* Debug */ = {
			isa = XCBuildConfiguration;
			buildSettings = {
				ASSETCATALOG_COMPILER_APPICON_NAME = AppIcon;
				ASSETCATALOG_COMPILER_GLOBAL_ACCENT_COLOR_NAME = AccentColor;
				CODE_SIGN_STYLE = Automatic;
				INFOPLIST_FILE = "NYT-Articles/Supporting Files/Info.plist";
				LD_RUNPATH_SEARCH_PATHS = (
					"$(inherited)",
					"@executable_path/Frameworks",
				);
				PRODUCT_BUNDLE_IDENTIFIER = "NYT-Articles.NYT-Articles";
				PRODUCT_NAME = "$(TARGET_NAME)";
				SWIFT_VERSION = 5.0;
				TARGETED_DEVICE_FAMILY = "1,2";
			};
			name = Debug;
		};
		CEA3C5CF260A5D83005315A5 /* Release */ = {
			isa = XCBuildConfiguration;
			buildSettings = {
				ASSETCATALOG_COMPILER_APPICON_NAME = AppIcon;
				ASSETCATALOG_COMPILER_GLOBAL_ACCENT_COLOR_NAME = AccentColor;
				CODE_SIGN_STYLE = Automatic;
				INFOPLIST_FILE = "NYT-Articles/Supporting Files/Info.plist";
				LD_RUNPATH_SEARCH_PATHS = (
					"$(inherited)",
					"@executable_path/Frameworks",
				);
				PRODUCT_BUNDLE_IDENTIFIER = "NYT-Articles.NYT-Articles";
				PRODUCT_NAME = "$(TARGET_NAME)";
				SWIFT_VERSION = 5.0;
				TARGETED_DEVICE_FAMILY = "1,2";
			};
			name = Release;
		};
/* End XCBuildConfiguration section */

/* Begin XCConfigurationList section */
		CEA3C5B4260A5D80005315A5 /* Build configuration list for PBXProject "NYT-Articles" */ = {
			isa = XCConfigurationList;
			buildConfigurations = (
				CEA3C5CB260A5D83005315A5 /* Debug */,
				CEA3C5CC260A5D83005315A5 /* Release */,
			);
			defaultConfigurationIsVisible = 0;
			defaultConfigurationName = Release;
		};
		CEA3C5CD260A5D83005315A5 /* Build configuration list for PBXNativeTarget "NYT-Articles" */ = {
			isa = XCConfigurationList;
			buildConfigurations = (
				CEA3C5CE260A5D83005315A5 /* Debug */,
				CEA3C5CF260A5D83005315A5 /* Release */,
			);
			defaultConfigurationIsVisible = 0;
			defaultConfigurationName = Release;
		};
/* End XCConfigurationList section */
	};
	rootObject = CEA3C5B1260A5D80005315A5 /* Project object */;
}
